
Microsoft Visual Studio Solution File, Format Version 12.00
# Visual Studio 15
VisualStudioVersion = 15.0.28307.1145
MinimumVisualStudioVersion = 10.0.40219.1
Project("{888888A0-9F3D-457C-B088-3A5042F75D52}") = "TestFile", "TestFile\TestFile.pyproj", "{A01FCDD3-7944-4725-85F5-BDBDA66F34E9}"
EndProject
Global
	GlobalSection(SolutionConfigurationPlatforms) = preSolution
		Debug|Any CPU = Debug|Any CPU
		Release|Any CPU = Release|Any CPU
	EndGlobalSection
	GlobalSection(ProjectConfigurationPlatforms) = postSolution
		{A01FCDD3-7944-4725-85F5-BDBDA66F34E9}.Debug|Any CPU.ActiveCfg = Debug|Any CPU
		{A01FCDD3-7944-4725-85F5-BDBDA66F34E9}.Release|Any CPU.ActiveCfg = Release|Any CPU
	EndGlobalSection
	GlobalSection(SolutionProperties) = preSolution
		HideSolutionNode = FALSE
	EndGlobalSection
	GlobalSection(ExtensibilityGlobals) = postSolution
		SolutionGuid = {56F426D0-E090-4EE2-90EA-EBB104A1F0B2}
	EndGlobalSection
EndGlobal
