
Microsoft Visual Studio Solution File, Format Version 12.00
# Visual Studio 15
VisualStudioVersion = 15.0.28307.1145
MinimumVisualStudioVersion = 10.0.40219.1
Project("{888888A0-9F3D-457C-B088-3A5042F75D52}") = "Projekt", "Projekt\Projekt.pyproj", "{A5991899-4C7B-44B3-9BDE-F781B3ED1A3A}"
EndProject
Global
	GlobalSection(SolutionConfigurationPlatforms) = preSolution
		Debug|Any CPU = Debug|Any CPU
		Release|Any CPU = Release|Any CPU
	EndGlobalSection
	GlobalSection(ProjectConfigurationPlatforms) = postSolution
		{A5991899-4C7B-44B3-9BDE-F781B3ED1A3A}.Debug|Any CPU.ActiveCfg = Debug|Any CPU
		{A5991899-4C7B-44B3-9BDE-F781B3ED1A3A}.Release|Any CPU.ActiveCfg = Release|Any CPU
	EndGlobalSection
	GlobalSection(SolutionProperties) = preSolution
		HideSolutionNode = FALSE
	EndGlobalSection
	GlobalSection(ExtensibilityGlobals) = postSolution
		SolutionGuid = {56F426D0-E090-4EE2-90EA-EBB104A1F0B2}
	EndGlobalSection
EndGlobal
